
Microsoft Visual Studio Solution File, Format Version 12.00
# Visual Studio Version 17
VisualStudioVersion = 17.9.34607.119
MinimumVisualStudioVersion = 10.0.40219.1
Project("{9A19103F-16F7-4668-BE54-9A1E7A4F7556}") = "Vecttor", "Vecttor02\Vecttor.csproj", "{378C7DFC-59F4-410F-8943-36718F190400}"
EndProject
Project("{FAE04EC0-301F-11D3-BF4B-00C04F79EFBC}") = "Vecttor.Tests", "Vecttor.Test\Vecttor.Tests.csproj", "{7121B9F2-2163-4953-86AB-4B98126B6282}"
EndProject
Global
	GlobalSection(SolutionConfigurationPlatforms) = preSolution
		Debug|Any CPU = Debug|Any CPU
		Release|Any CPU = Release|Any CPU
	EndGlobalSection
	GlobalSection(ProjectConfigurationPlatforms) = postSolution
		{378C7DFC-59F4-410F-8943-36718F190400}.Debug|Any CPU.ActiveCfg = Debug|Any CPU
		{378C7DFC-59F4-410F-8943-36718F190400}.Debug|Any CPU.Build.0 = Debug|Any CPU
		{378C7DFC-59F4-410F-8943-36718F190400}.Release|Any CPU.ActiveCfg = Release|Any CPU
		{378C7DFC-59F4-410F-8943-36718F190400}.Release|Any CPU.Build.0 = Release|Any CPU
		{7121B9F2-2163-4953-86AB-4B98126B6282}.Debug|Any CPU.ActiveCfg = Debug|Any CPU
		{7121B9F2-2163-4953-86AB-4B98126B6282}.Debug|Any CPU.Build.0 = Debug|Any CPU
		{7121B9F2-2163-4953-86AB-4B98126B6282}.Release|Any CPU.ActiveCfg = Release|Any CPU
		{7121B9F2-2163-4953-86AB-4B98126B6282}.Release|Any CPU.Build.0 = Release|Any CPU
	EndGlobalSection
	GlobalSection(SolutionProperties) = preSolution
		HideSolutionNode = FALSE
	EndGlobalSection
	GlobalSection(ExtensibilityGlobals) = postSolution
		SolutionGuid = {83459EF9-B5EB-4DCD-9E33-BB1E323A398C}
	EndGlobalSection
EndGlobal
